
Microsoft Visual Studio Solution File, Format Version 12.00
# Visual Studio Version 17
VisualStudioVersion = 17.2.32516.85
MinimumVisualStudioVersion = 10.0.40219.1
Project("{FAE04EC0-301F-11D3-BF4B-00C04F79EFBC}") = "EduConnect", "EduConnect\EduConnect.csproj", "{4188DF73-7209-4BA2-AFF6-B99B3E1E54D7}"
EndProject
Global
	GlobalSection(SolutionConfigurationPlatforms) = preSolution
		Debug|Any CPU = Debug|Any CPU
		Release|Any CPU = Release|Any CPU
	EndGlobalSection
	GlobalSection(ProjectConfigurationPlatforms) = postSolution
		{4188DF73-7209-4BA2-AFF6-B99B3E1E54D7}.Debug|Any CPU.ActiveCfg = Debug|Any CPU
		{4188DF73-7209-4BA2-AFF6-B99B3E1E54D7}.Debug|Any CPU.Build.0 = Debug|Any CPU
		{4188DF73-7209-4BA2-AFF6-B99B3E1E54D7}.Release|Any CPU.ActiveCfg = Release|Any CPU
		{4188DF73-7209-4BA2-AFF6-B99B3E1E54D7}.Release|Any CPU.Build.0 = Release|Any CPU
	EndGlobalSection
	GlobalSection(SolutionProperties) = preSolution
		HideSolutionNode = FALSE
	EndGlobalSection
	GlobalSection(ExtensibilityGlobals) = postSolution
		SolutionGuid = {4CA817F2-A35F-43DD-852A-FC30DA361E41}
	EndGlobalSection
EndGlobal
